
Microsoft Visual Studio Solution File, Format Version 12.00
# Visual Studio 15
Project("{FAE04EC0-301F-11D3-BF4B-00C04F79EFBC}") = "VRMP", "VRMP.csproj", "{708C86AA-A5ED-1B81-78BD-493BA9F1413C}"
EndProject
Project("{FAE04EC0-301F-11D3-BF4B-00C04F79EFBC}") = "Unity.XR.Interaction.Toolkit.Samples.SpatialKeyboard", "Unity.XR.Interaction.Toolkit.Samples.SpatialKeyboard.csproj", "{C818A484-D584-82FA-2453-99C49F684E2A}"
EndProject
Project("{FAE04EC0-301F-11D3-BF4B-00C04F79EFBC}") = "Unity.XR.Interaction.Toolkit.Samples.Hands", "Unity.XR.Interaction.Toolkit.Samples.Hands.csproj", "{49A0F31A-F6EB-406B-5F5A-C802CB6F9DC0}"
EndProject
Project("{FAE04EC0-301F-11D3-BF4B-00C04F79EFBC}") = "Assembly-CSharp", "Assembly-CSharp.csproj", "{1C00A926-DAD0-740E-A2DC-B5B868423F7B}"
EndProject
Project("{FAE04EC0-301F-11D3-BF4B-00C04F79EFBC}") = "Unity.XR.Interaction.Toolkit.Samples.StarterAssets", "Unity.XR.Interaction.Toolkit.Samples.StarterAssets.csproj", "{FCA60B99-1AA6-0DEC-DA3D-B21951F1A2DD}"
EndProject
Project("{FAE04EC0-301F-11D3-BF4B-00C04F79EFBC}") = "Unity.XR.Interaction.Toolkit.Samples.SpatialKeyboard.Editor", "Unity.XR.Interaction.Toolkit.Samples.SpatialKeyboard.Editor.csproj", "{DBEF7C36-9DA9-5E97-5B88-BC979BFC2D7D}"
EndProject
Project("{FAE04EC0-301F-11D3-BF4B-00C04F79EFBC}") = "Unity.XR.Hands.Samples.VisualizerSample", "Unity.XR.Hands.Samples.VisualizerSample.csproj", "{46CD57D6-15A0-9D66-5498-A1ABE26C0EFA}"
EndProject
Project("{FAE04EC0-301F-11D3-BF4B-00C04F79EFBC}") = "Unity.XR.Interaction.Toolkit.Samples.StarterAssets.Editor", "Unity.XR.Interaction.Toolkit.Samples.StarterAssets.Editor.csproj", "{0F6E5F1D-CE19-68E5-9EA5-AC5266F72589}"
EndProject
Project("{FAE04EC0-301F-11D3-BF4B-00C04F79EFBC}") = "Unity.XR.Interaction.Toolkit.Samples.DeviceSimulator", "Unity.XR.Interaction.Toolkit.Samples.DeviceSimulator.csproj", "{A0A887B2-E672-E62C-A6FF-48A201B926E6}"
EndProject
Project("{FAE04EC0-301F-11D3-BF4B-00C04F79EFBC}") = "Unity.XR.Interaction.Toolkit.Samples.Hands.Editor", "Unity.XR.Interaction.Toolkit.Samples.Hands.Editor.csproj", "{2810EC99-34ED-0767-3921-6D61310189BC}"
EndProject
Project("{FAE04EC0-301F-11D3-BF4B-00C04F79EFBC}") = "Assembly-CSharp-Editor", "Assembly-CSharp-Editor.csproj", "{3DF08FCB-DB4D-990A-356E-2559B1798C67}"
EndProject
Global
	GlobalSection(SolutionConfigurationPlatforms) = preSolution
		Debug|Any CPU = Debug|Any CPU
		Release|Any CPU = Release|Any CPU
	EndGlobalSection
	GlobalSection(ProjectConfigurationPlatforms) = postSolution
		{708C86AA-A5ED-1B81-78BD-493BA9F1413C}.Debug|Any CPU.ActiveCfg = Debug|Any CPU
		{708C86AA-A5ED-1B81-78BD-493BA9F1413C}.Debug|Any CPU.Build.0 = Debug|Any CPU
		{708C86AA-A5ED-1B81-78BD-493BA9F1413C}.Release|Any CPU.ActiveCfg = Release|Any CPU
		{708C86AA-A5ED-1B81-78BD-493BA9F1413C}.Release|Any CPU.Build.0 = Release|Any CPU
		{C818A484-D584-82FA-2453-99C49F684E2A}.Debug|Any CPU.ActiveCfg = Debug|Any CPU
		{C818A484-D584-82FA-2453-99C49F684E2A}.Debug|Any CPU.Build.0 = Debug|Any CPU
		{C818A484-D584-82FA-2453-99C49F684E2A}.Release|Any CPU.ActiveCfg = Release|Any CPU
		{C818A484-D584-82FA-2453-99C49F684E2A}.Release|Any CPU.Build.0 = Release|Any CPU
		{49A0F31A-F6EB-406B-5F5A-C802CB6F9DC0}.Debug|Any CPU.ActiveCfg = Debug|Any CPU
		{49A0F31A-F6EB-406B-5F5A-C802CB6F9DC0}.Debug|Any CPU.Build.0 = Debug|Any CPU
		{49A0F31A-F6EB-406B-5F5A-C802CB6F9DC0}.Release|Any CPU.ActiveCfg = Release|Any CPU
		{49A0F31A-F6EB-406B-5F5A-C802CB6F9DC0}.Release|Any CPU.Build.0 = Release|Any CPU
		{1C00A926-DAD0-740E-A2DC-B5B868423F7B}.Debug|Any CPU.ActiveCfg = Debug|Any CPU
		{1C00A926-DAD0-740E-A2DC-B5B868423F7B}.Debug|Any CPU.Build.0 = Debug|Any CPU
		{1C00A926-DAD0-740E-A2DC-B5B868423F7B}.Release|Any CPU.ActiveCfg = Release|Any CPU
		{1C00A926-DAD0-740E-A2DC-B5B868423F7B}.Release|Any CPU.Build.0 = Release|Any CPU
		{FCA60B99-1AA6-0DEC-DA3D-B21951F1A2DD}.Debug|Any CPU.ActiveCfg = Debug|Any CPU
		{FCA60B99-1AA6-0DEC-DA3D-B21951F1A2DD}.Debug|Any CPU.Build.0 = Debug|Any CPU
		{FCA60B99-1AA6-0DEC-DA3D-B21951F1A2DD}.Release|Any CPU.ActiveCfg = Release|Any CPU
		{FCA60B99-1AA6-0DEC-DA3D-B21951F1A2DD}.Release|Any CPU.Build.0 = Release|Any CPU
		{DBEF7C36-9DA9-5E97-5B88-BC979BFC2D7D}.Debug|Any CPU.ActiveCfg = Debug|Any CPU
		{DBEF7C36-9DA9-5E97-5B88-BC979BFC2D7D}.Debug|Any CPU.Build.0 = Debug|Any CPU
		{DBEF7C36-9DA9-5E97-5B88-BC979BFC2D7D}.Release|Any CPU.ActiveCfg = Release|Any CPU
		{DBEF7C36-9DA9-5E97-5B88-BC979BFC2D7D}.Release|Any CPU.Build.0 = Release|Any CPU
		{46CD57D6-15A0-9D66-5498-A1ABE26C0EFA}.Debug|Any CPU.ActiveCfg = Debug|Any CPU
		{46CD57D6-15A0-9D66-5498-A1ABE26C0EFA}.Debug|Any CPU.Build.0 = Debug|Any CPU
		{46CD57D6-15A0-9D66-5498-A1ABE26C0EFA}.Release|Any CPU.ActiveCfg = Release|Any CPU
		{46CD57D6-15A0-9D66-5498-A1ABE26C0EFA}.Release|Any CPU.Build.0 = Release|Any CPU
		{0F6E5F1D-CE19-68E5-9EA5-AC5266F72589}.Debug|Any CPU.ActiveCfg = Debug|Any CPU
		{0F6E5F1D-CE19-68E5-9EA5-AC5266F72589}.Debug|Any CPU.Build.0 = Debug|Any CPU
		{0F6E5F1D-CE19-68E5-9EA5-AC5266F72589}.Release|Any CPU.ActiveCfg = Release|Any CPU
		{0F6E5F1D-CE19-68E5-9EA5-AC5266F72589}.Release|Any CPU.Build.0 = Release|Any CPU
		{A0A887B2-E672-E62C-A6FF-48A201B926E6}.Debug|Any CPU.ActiveCfg = Debug|Any CPU
		{A0A887B2-E672-E62C-A6FF-48A201B926E6}.Debug|Any CPU.Build.0 = Debug|Any CPU
		{A0A887B2-E672-E62C-A6FF-48A201B926E6}.Release|Any CPU.ActiveCfg = Release|Any CPU
		{A0A887B2-E672-E62C-A6FF-48A201B926E6}.Release|Any CPU.Build.0 = Release|Any CPU
		{2810EC99-34ED-0767-3921-6D61310189BC}.Debug|Any CPU.ActiveCfg = Debug|Any CPU
		{2810EC99-34ED-0767-3921-6D61310189BC}.Debug|Any CPU.Build.0 = Debug|Any CPU
		{2810EC99-34ED-0767-3921-6D61310189BC}.Release|Any CPU.ActiveCfg = Release|Any CPU
		{2810EC99-34ED-0767-3921-6D61310189BC}.Release|Any CPU.Build.0 = Release|Any CPU
		{3DF08FCB-DB4D-990A-356E-2559B1798C67}.Debug|Any CPU.ActiveCfg = Debug|Any CPU
		{3DF08FCB-DB4D-990A-356E-2559B1798C67}.Debug|Any CPU.Build.0 = Debug|Any CPU
		{3DF08FCB-DB4D-990A-356E-2559B1798C67}.Release|Any CPU.ActiveCfg = Release|Any CPU
		{3DF08FCB-DB4D-990A-356E-2559B1798C67}.Release|Any CPU.Build.0 = Release|Any CPU
	EndGlobalSection
	GlobalSection(SolutionProperties) = preSolution
		HideSolutionNode = FALSE
	EndGlobalSection
EndGlobal
